
Microsoft Visual Studio Solution File, Format Version 12.00
# Visual Studio Version 17
VisualStudioVersion = 17.5.33502.453
MinimumVisualStudioVersion = 10.0.40219.1
Project("{FAE04EC0-301F-11D3-BF4B-00C04F79EFBC}") = "03. Heart Delivery", "03. Heart Delivery\03. Heart Delivery.csproj", "{7122CFCE-261D-47C7-AC80-CE2493A2E9BE}"
EndProject
Project("{FAE04EC0-301F-11D3-BF4B-00C04F79EFBC}") = "02.MuOnline", "02.MuOnline\02.MuOnline.csproj", "{18EAB2E8-34FA-466F-86C6-DFBE13D381E1}"
EndProject
Project("{FAE04EC0-301F-11D3-BF4B-00C04F79EFBC}") = "01.Computer Store", "01.Computer Store\01.Computer Store.csproj", "{6D91703F-CB6C-4A29-9EEE-B15368B69765}"
EndProject
Global
	GlobalSection(SolutionConfigurationPlatforms) = preSolution
		Debug|Any CPU = Debug|Any CPU
		Release|Any CPU = Release|Any CPU
	EndGlobalSection
	GlobalSection(ProjectConfigurationPlatforms) = postSolution
		{7122CFCE-261D-47C7-AC80-CE2493A2E9BE}.Debug|Any CPU.ActiveCfg = Debug|Any CPU
		{7122CFCE-261D-47C7-AC80-CE2493A2E9BE}.Debug|Any CPU.Build.0 = Debug|Any CPU
		{7122CFCE-261D-47C7-AC80-CE2493A2E9BE}.Release|Any CPU.ActiveCfg = Release|Any CPU
		{7122CFCE-261D-47C7-AC80-CE2493A2E9BE}.Release|Any CPU.Build.0 = Release|Any CPU
		{18EAB2E8-34FA-466F-86C6-DFBE13D381E1}.Debug|Any CPU.ActiveCfg = Debug|Any CPU
		{18EAB2E8-34FA-466F-86C6-DFBE13D381E1}.Debug|Any CPU.Build.0 = Debug|Any CPU
		{18EAB2E8-34FA-466F-86C6-DFBE13D381E1}.Release|Any CPU.ActiveCfg = Release|Any CPU
		{18EAB2E8-34FA-466F-86C6-DFBE13D381E1}.Release|Any CPU.Build.0 = Release|Any CPU
		{6D91703F-CB6C-4A29-9EEE-B15368B69765}.Debug|Any CPU.ActiveCfg = Debug|Any CPU
		{6D91703F-CB6C-4A29-9EEE-B15368B69765}.Debug|Any CPU.Build.0 = Debug|Any CPU
		{6D91703F-CB6C-4A29-9EEE-B15368B69765}.Release|Any CPU.ActiveCfg = Release|Any CPU
		{6D91703F-CB6C-4A29-9EEE-B15368B69765}.Release|Any CPU.Build.0 = Release|Any CPU
	EndGlobalSection
	GlobalSection(SolutionProperties) = preSolution
		HideSolutionNode = FALSE
	EndGlobalSection
	GlobalSection(ExtensibilityGlobals) = postSolution
		SolutionGuid = {7B4F1F7D-B6C4-42D3-87D0-5C9A8AF29A8F}
	EndGlobalSection
EndGlobal
