
Microsoft Visual Studio Solution File, Format Version 12.00
# Visual Studio Version 17
VisualStudioVersion = 17.5.33502.453
MinimumVisualStudioVersion = 10.0.40219.1
Project("{9A19103F-16F7-4668-BE54-9A1E7A4F7556}") = "03.Inventory", "03.Inventory\03.Inventory.csproj", "{3078270E-FD82-4B1C-8FF9-498BE4264FF7}"
EndProject
Project("{9A19103F-16F7-4668-BE54-9A1E7A4F7556}") = "02.Array Modifier", "02Array Modifier\02.Array Modifier.csproj", "{0694F089-014E-4BA7-BDAB-598D5AB545EA}"
EndProject
Project("{FAE04EC0-301F-11D3-BF4B-00C04F79EFBC}") = "01.Bonus Scoring System", "01.Bonus Scoring System\01.Bonus Scoring System.csproj", "{B94FDADB-C463-4B9E-9B5D-30E84F26F48E}"
EndProject
Global
	GlobalSection(SolutionConfigurationPlatforms) = preSolution
		Debug|Any CPU = Debug|Any CPU
		Release|Any CPU = Release|Any CPU
	EndGlobalSection
	GlobalSection(ProjectConfigurationPlatforms) = postSolution
		{3078270E-FD82-4B1C-8FF9-498BE4264FF7}.Debug|Any CPU.ActiveCfg = Debug|Any CPU
		{3078270E-FD82-4B1C-8FF9-498BE4264FF7}.Debug|Any CPU.Build.0 = Debug|Any CPU
		{3078270E-FD82-4B1C-8FF9-498BE4264FF7}.Release|Any CPU.ActiveCfg = Release|Any CPU
		{3078270E-FD82-4B1C-8FF9-498BE4264FF7}.Release|Any CPU.Build.0 = Release|Any CPU
		{0694F089-014E-4BA7-BDAB-598D5AB545EA}.Debug|Any CPU.ActiveCfg = Debug|Any CPU
		{0694F089-014E-4BA7-BDAB-598D5AB545EA}.Debug|Any CPU.Build.0 = Debug|Any CPU
		{0694F089-014E-4BA7-BDAB-598D5AB545EA}.Release|Any CPU.ActiveCfg = Release|Any CPU
		{0694F089-014E-4BA7-BDAB-598D5AB545EA}.Release|Any CPU.Build.0 = Release|Any CPU
		{B94FDADB-C463-4B9E-9B5D-30E84F26F48E}.Debug|Any CPU.ActiveCfg = Debug|Any CPU
		{B94FDADB-C463-4B9E-9B5D-30E84F26F48E}.Debug|Any CPU.Build.0 = Debug|Any CPU
		{B94FDADB-C463-4B9E-9B5D-30E84F26F48E}.Release|Any CPU.ActiveCfg = Release|Any CPU
		{B94FDADB-C463-4B9E-9B5D-30E84F26F48E}.Release|Any CPU.Build.0 = Release|Any CPU
	EndGlobalSection
	GlobalSection(SolutionProperties) = preSolution
		HideSolutionNode = FALSE
	EndGlobalSection
	GlobalSection(ExtensibilityGlobals) = postSolution
		SolutionGuid = {BE5F7479-D959-41D9-90EF-D9351726C54C}
	EndGlobalSection
EndGlobal
