
Microsoft Visual Studio Solution File, Format Version 12.00
# Visual Studio Version 17
VisualStudioVersion = 17.5.33502.453
MinimumVisualStudioVersion = 10.0.40219.1
Project("{FAE04EC0-301F-11D3-BF4B-00C04F79EFBC}") = "01. Data Types", "01. Data Types\01. Data Types.csproj", "{9DEE057B-C20B-42B9-8639-2E4125B0182E}"
EndProject
Project("{FAE04EC0-301F-11D3-BF4B-00C04F79EFBC}") = "02. Center Point", "02. Center Point\02. Center Point.csproj", "{D7582077-83F8-4783-820D-5FAF28DF4164}"
EndProject
Project("{FAE04EC0-301F-11D3-BF4B-00C04F79EFBC}") = "04. Tribonacci Sequence", "04. Tribonacci Sequence\04. Tribonacci Sequence.csproj", "{0E2ACB2F-6E2D-409A-BCBD-3ED650E096EE}"
EndProject
Project("{FAE04EC0-301F-11D3-BF4B-00C04F79EFBC}") = "03. Longer Line", "03. Longer Line\03. Longer Line.csproj", "{17522B04-A332-43FE-9221-127CEF0035A8}"
EndProject
Project("{FAE04EC0-301F-11D3-BF4B-00C04F79EFBC}") = "05. Multiplication Sign", "05. Multiplication Sign\05. Multiplication Sign.csproj", "{7730C9BE-7F16-445E-AE2E-BA6537D801C8}"
EndProject
Global
	GlobalSection(SolutionConfigurationPlatforms) = preSolution
		Debug|Any CPU = Debug|Any CPU
		Release|Any CPU = Release|Any CPU
	EndGlobalSection
	GlobalSection(ProjectConfigurationPlatforms) = postSolution
		{9DEE057B-C20B-42B9-8639-2E4125B0182E}.Debug|Any CPU.ActiveCfg = Debug|Any CPU
		{9DEE057B-C20B-42B9-8639-2E4125B0182E}.Debug|Any CPU.Build.0 = Debug|Any CPU
		{9DEE057B-C20B-42B9-8639-2E4125B0182E}.Release|Any CPU.ActiveCfg = Release|Any CPU
		{9DEE057B-C20B-42B9-8639-2E4125B0182E}.Release|Any CPU.Build.0 = Release|Any CPU
		{D7582077-83F8-4783-820D-5FAF28DF4164}.Debug|Any CPU.ActiveCfg = Debug|Any CPU
		{D7582077-83F8-4783-820D-5FAF28DF4164}.Debug|Any CPU.Build.0 = Debug|Any CPU
		{D7582077-83F8-4783-820D-5FAF28DF4164}.Release|Any CPU.ActiveCfg = Release|Any CPU
		{D7582077-83F8-4783-820D-5FAF28DF4164}.Release|Any CPU.Build.0 = Release|Any CPU
		{0E2ACB2F-6E2D-409A-BCBD-3ED650E096EE}.Debug|Any CPU.ActiveCfg = Debug|Any CPU
		{0E2ACB2F-6E2D-409A-BCBD-3ED650E096EE}.Debug|Any CPU.Build.0 = Debug|Any CPU
		{0E2ACB2F-6E2D-409A-BCBD-3ED650E096EE}.Release|Any CPU.ActiveCfg = Release|Any CPU
		{0E2ACB2F-6E2D-409A-BCBD-3ED650E096EE}.Release|Any CPU.Build.0 = Release|Any CPU
		{17522B04-A332-43FE-9221-127CEF0035A8}.Debug|Any CPU.ActiveCfg = Debug|Any CPU
		{17522B04-A332-43FE-9221-127CEF0035A8}.Debug|Any CPU.Build.0 = Debug|Any CPU
		{17522B04-A332-43FE-9221-127CEF0035A8}.Release|Any CPU.ActiveCfg = Release|Any CPU
		{17522B04-A332-43FE-9221-127CEF0035A8}.Release|Any CPU.Build.0 = Release|Any CPU
		{7730C9BE-7F16-445E-AE2E-BA6537D801C8}.Debug|Any CPU.ActiveCfg = Debug|Any CPU
		{7730C9BE-7F16-445E-AE2E-BA6537D801C8}.Debug|Any CPU.Build.0 = Debug|Any CPU
		{7730C9BE-7F16-445E-AE2E-BA6537D801C8}.Release|Any CPU.ActiveCfg = Release|Any CPU
		{7730C9BE-7F16-445E-AE2E-BA6537D801C8}.Release|Any CPU.Build.0 = Release|Any CPU
	EndGlobalSection
	GlobalSection(SolutionProperties) = preSolution
		HideSolutionNode = FALSE
	EndGlobalSection
	GlobalSection(ExtensibilityGlobals) = postSolution
		SolutionGuid = {369AD3D2-DBAB-49A2-9AE3-8CC6DD88F227}
	EndGlobalSection
EndGlobal
