
Microsoft Visual Studio Solution File, Format Version 12.00
# Visual Studio Version 17
VisualStudioVersion = 17.5.33502.453
MinimumVisualStudioVersion = 10.0.40219.1
Project("{FAE04EC0-301F-11D3-BF4B-00C04F79EFBC}") = "05. Drum Set", "05. Drum Set\05. Drum Set.csproj", "{A3DDDC1A-D561-42A7-915F-E04833F0A9E8}"
EndProject
Project("{FAE04EC0-301F-11D3-BF4B-00C04F79EFBC}") = "04. Mixed up Lists", "04. Mixed up Lists\04. Mixed up Lists.csproj", "{BA39B7BC-718D-4A26-8A12-2F0C3D736526}"
EndProject
Project("{FAE04EC0-301F-11D3-BF4B-00C04F79EFBC}") = "03. Take Skip Rope", "03. Take Skip Rope\03. Take Skip Rope.csproj", "{D035E920-6472-4EBB-B6F3-0BEAD6E03EBB}"
EndProject
Project("{FAE04EC0-301F-11D3-BF4B-00C04F79EFBC}") = "02. Car Race", "02. Car Race\02. Car Race.csproj", "{250C28CE-C1DE-4255-97F8-F941B4C66355}"
EndProject
Project("{FAE04EC0-301F-11D3-BF4B-00C04F79EFBC}") = "01. Messaging", "01. Messaging\01. Messaging.csproj", "{56485D6F-B0F9-4A79-9B26-DD849A319172}"
EndProject
Global
	GlobalSection(SolutionConfigurationPlatforms) = preSolution
		Debug|Any CPU = Debug|Any CPU
		Release|Any CPU = Release|Any CPU
	EndGlobalSection
	GlobalSection(ProjectConfigurationPlatforms) = postSolution
		{A3DDDC1A-D561-42A7-915F-E04833F0A9E8}.Debug|Any CPU.ActiveCfg = Debug|Any CPU
		{A3DDDC1A-D561-42A7-915F-E04833F0A9E8}.Debug|Any CPU.Build.0 = Debug|Any CPU
		{A3DDDC1A-D561-42A7-915F-E04833F0A9E8}.Release|Any CPU.ActiveCfg = Release|Any CPU
		{A3DDDC1A-D561-42A7-915F-E04833F0A9E8}.Release|Any CPU.Build.0 = Release|Any CPU
		{BA39B7BC-718D-4A26-8A12-2F0C3D736526}.Debug|Any CPU.ActiveCfg = Debug|Any CPU
		{BA39B7BC-718D-4A26-8A12-2F0C3D736526}.Debug|Any CPU.Build.0 = Debug|Any CPU
		{BA39B7BC-718D-4A26-8A12-2F0C3D736526}.Release|Any CPU.ActiveCfg = Release|Any CPU
		{BA39B7BC-718D-4A26-8A12-2F0C3D736526}.Release|Any CPU.Build.0 = Release|Any CPU
		{D035E920-6472-4EBB-B6F3-0BEAD6E03EBB}.Debug|Any CPU.ActiveCfg = Debug|Any CPU
		{D035E920-6472-4EBB-B6F3-0BEAD6E03EBB}.Debug|Any CPU.Build.0 = Debug|Any CPU
		{D035E920-6472-4EBB-B6F3-0BEAD6E03EBB}.Release|Any CPU.ActiveCfg = Release|Any CPU
		{D035E920-6472-4EBB-B6F3-0BEAD6E03EBB}.Release|Any CPU.Build.0 = Release|Any CPU
		{250C28CE-C1DE-4255-97F8-F941B4C66355}.Debug|Any CPU.ActiveCfg = Debug|Any CPU
		{250C28CE-C1DE-4255-97F8-F941B4C66355}.Debug|Any CPU.Build.0 = Debug|Any CPU
		{250C28CE-C1DE-4255-97F8-F941B4C66355}.Release|Any CPU.ActiveCfg = Release|Any CPU
		{250C28CE-C1DE-4255-97F8-F941B4C66355}.Release|Any CPU.Build.0 = Release|Any CPU
		{56485D6F-B0F9-4A79-9B26-DD849A319172}.Debug|Any CPU.ActiveCfg = Debug|Any CPU
		{56485D6F-B0F9-4A79-9B26-DD849A319172}.Debug|Any CPU.Build.0 = Debug|Any CPU
		{56485D6F-B0F9-4A79-9B26-DD849A319172}.Release|Any CPU.ActiveCfg = Release|Any CPU
		{56485D6F-B0F9-4A79-9B26-DD849A319172}.Release|Any CPU.Build.0 = Release|Any CPU
	EndGlobalSection
	GlobalSection(SolutionProperties) = preSolution
		HideSolutionNode = FALSE
	EndGlobalSection
	GlobalSection(ExtensibilityGlobals) = postSolution
		SolutionGuid = {35DB831D-312A-4FE9-B56A-E8C248DC7C03}
	EndGlobalSection
EndGlobal
